
Microsoft Visual Studio Solution File, Format Version 10.00
# Visual Studio 2008
Project("{FAE04EC0-301F-11D3-BF4B-00C04F79EFBC}") = "XWord2003", "XWord2003\XWord2003.csproj", "{2F366278-2960-4672-8971-AAED59ECC509}"
EndProject
Project("{54435603-DBB4-11D2-8724-00A0C9A8B90C}") = "XWord2003Setup", "XWord2003Setup\XWord2003Setup", "{C6F66A84-DF15-40B5-A904-92965BF5D3B1}"
EndProject
Project("{FAE04EC0-301F-11D3-BF4B-00C04F79EFBC}") = "InstallerSecurity", "SetSecurity\InstallerSecurity.csproj", "{56E8E807-0807-45E0-B19A-98912AE47630}"
EndProject
Global
	GlobalSection(SolutionConfigurationPlatforms) = preSolution
		Debug|Any CPU = Debug|Any CPU
		Release|Any CPU = Release|Any CPU
	EndGlobalSection
	GlobalSection(ProjectConfigurationPlatforms) = postSolution
		{2F366278-2960-4672-8971-AAED59ECC509}.Debug|Any CPU.ActiveCfg = Debug|Any CPU
		{2F366278-2960-4672-8971-AAED59ECC509}.Debug|Any CPU.Build.0 = Debug|Any CPU
		{2F366278-2960-4672-8971-AAED59ECC509}.Release|Any CPU.ActiveCfg = Release|Any CPU
		{2F366278-2960-4672-8971-AAED59ECC509}.Release|Any CPU.Build.0 = Release|Any CPU
		{C6F66A84-DF15-40B5-A904-92965BF5D3B1}.Debug|Any CPU.ActiveCfg = Debug
		{C6F66A84-DF15-40B5-A904-92965BF5D3B1}.Release|Any CPU.ActiveCfg = Release
		{C6F66A84-DF15-40B5-A904-92965BF5D3B1}.Release|Any CPU.Build.0 = Release
		{56E8E807-0807-45E0-B19A-98912AE47630}.Debug|Any CPU.ActiveCfg = Debug|Any CPU
		{56E8E807-0807-45E0-B19A-98912AE47630}.Debug|Any CPU.Build.0 = Debug|Any CPU
		{56E8E807-0807-45E0-B19A-98912AE47630}.Release|Any CPU.ActiveCfg = Release|Any CPU
		{56E8E807-0807-45E0-B19A-98912AE47630}.Release|Any CPU.Build.0 = Release|Any CPU
	EndGlobalSection
	GlobalSection(SolutionProperties) = preSolution
		HideSolutionNode = FALSE
	EndGlobalSection
EndGlobal
